// !$*UTF8*$!
{
	archiveVersion = 1;
	classes = {
	};
	objectVersion = 56;
	objects = {

/* Begin PBXBuildFile section */
		CA12D4D82A2239CE009844B4 /* TrackerCollectionViewCell.swift in Sources */ = {isa = PBXBuildFile; fileRef = CA12D4D72A2239CE009844B4 /* TrackerCollectionViewCell.swift */; };
		CA1427DF2A0144EB00843B2D /* TypeNewTrackerViewController.swift in Sources */ = {isa = PBXBuildFile; fileRef = CA1427DE2A0144EB00843B2D /* TypeNewTrackerViewController.swift */; };
		CA1427E12A036FF800843B2D /* NewTrackerViewController.swift in Sources */ = {isa = PBXBuildFile; fileRef = CA1427E02A036FF800843B2D /* NewTrackerViewController.swift */; };
		CA1427E82A0A1D9100843B2D /* UIColor+Extensions.swift in Sources */ = {isa = PBXBuildFile; fileRef = CA1427E72A0A1D9100843B2D /* UIColor+Extensions.swift */; };
		CA1427EF2A0CAF3300843B2D /* SnapKit in Frameworks */ = {isa = PBXBuildFile; productRef = CA1427EE2A0CAF3300843B2D /* SnapKit */; };
		CA26E1312A19016300775932 /* EmojiAndColorsCollectionCell.swift in Sources */ = {isa = PBXBuildFile; fileRef = CA26E1302A19016300775932 /* EmojiAndColorsCollectionCell.swift */; };
		CA26E13A2A1C96C400775932 /* Tracker.swift in Sources */ = {isa = PBXBuildFile; fileRef = CA26E1392A1C96C400775932 /* Tracker.swift */; };
		CA26E13C2A1C989600775932 /* Weekdays.swift in Sources */ = {isa = PBXBuildFile; fileRef = CA26E13B2A1C989600775932 /* Weekdays.swift */; };
		CA26E13E2A1C999100775932 /* TrackerCategory.swift in Sources */ = {isa = PBXBuildFile; fileRef = CA26E13D2A1C999100775932 /* TrackerCategory.swift */; };
		CA26E1402A1C9A1E00775932 /* TrackerRecord.swift in Sources */ = {isa = PBXBuildFile; fileRef = CA26E13F2A1C9A1E00775932 /* TrackerRecord.swift */; };
		CA26E1442A1CDB0400775932 /* TrackerType.swift in Sources */ = {isa = PBXBuildFile; fileRef = CA26E1432A1CDB0400775932 /* TrackerType.swift */; };
		CA2BC49129F6ABF90001749B /* AppDelegate.swift in Sources */ = {isa = PBXBuildFile; fileRef = CA2BC49029F6ABF90001749B /* AppDelegate.swift */; };
		CA2BC49329F6ABF90001749B /* SceneDelegate.swift in Sources */ = {isa = PBXBuildFile; fileRef = CA2BC49229F6ABF90001749B /* SceneDelegate.swift */; };
		CA2BC49529F6ABF90001749B /* TrackersViewController.swift in Sources */ = {isa = PBXBuildFile; fileRef = CA2BC49429F6ABF90001749B /* TrackersViewController.swift */; };
		CA2BC49A29F6ABFB0001749B /* Assets.xcassets in Resources */ = {isa = PBXBuildFile; fileRef = CA2BC49929F6ABFB0001749B /* Assets.xcassets */; };
		CA2BC49D29F6ABFB0001749B /* LaunchScreen.storyboard in Resources */ = {isa = PBXBuildFile; fileRef = CA2BC49B29F6ABFB0001749B /* LaunchScreen.storyboard */; };
		CA636AC62A82730D00F8CD4A /* GeometricParms.swift in Sources */ = {isa = PBXBuildFile; fileRef = CA636AC52A82730D00F8CD4A /* GeometricParms.swift */; };
		CA76900B2A5EB32A00C27D69 /* Date+Extenson.swift in Sources */ = {isa = PBXBuildFile; fileRef = CA76900A2A5EB32A00C27D69 /* Date+Extenson.swift */; };
		CA77D3A62A7D7195001BAFE6 /* TackerStore.swift in Sources */ = {isa = PBXBuildFile; fileRef = CA77D3A52A7D7195001BAFE6 /* TackerStore.swift */; };
		CA77D3A82A7D71B3001BAFE6 /* TrackerCategoryStore.swift in Sources */ = {isa = PBXBuildFile; fileRef = CA77D3A72A7D71B2001BAFE6 /* TrackerCategoryStore.swift */; };
		CA77D3AA2A7D7221001BAFE6 /* TrackerRecordStore.swift in Sources */ = {isa = PBXBuildFile; fileRef = CA77D3A92A7D7221001BAFE6 /* TrackerRecordStore.swift */; };
		CA77D3B32A7E181B001BAFE6 /* StoreUpdate.swift in Sources */ = {isa = PBXBuildFile; fileRef = CA77D3B22A7E181B001BAFE6 /* StoreUpdate.swift */; };
		CA77D3B52A7E21BE001BAFE6 /* StoreError.swift in Sources */ = {isa = PBXBuildFile; fileRef = CA77D3B42A7E21BE001BAFE6 /* StoreError.swift */; };
		CA77D3BD2A7EA1F8001BAFE6 /* EmojiAndColorCollection.swift in Sources */ = {isa = PBXBuildFile; fileRef = CA77D3BC2A7EA1F8001BAFE6 /* EmojiAndColorCollection.swift */; };
		CA81540C2A82058300304367 /* DateHalper.swift in Sources */ = {isa = PBXBuildFile; fileRef = CA81540B2A82058300304367 /* DateHalper.swift */; };
		CA81540E2A82066D00304367 /* WeekDaysMarshalling.swift in Sources */ = {isa = PBXBuildFile; fileRef = CA81540D2A82066D00304367 /* WeekDaysMarshalling.swift */; };
		CA8154142A82090C00304367 /* SupplementaryHeaderView.swift in Sources */ = {isa = PBXBuildFile; fileRef = CA8154132A82090C00304367 /* SupplementaryHeaderView.swift */; };
		CA9A106429FE7CE100A8E78E /* StatisticViewController.swift in Sources */ = {isa = PBXBuildFile; fileRef = CA9A106329FE7CE100A8E78E /* StatisticViewController.swift */; };
		CA9A10662A0033FD00A8E78E /* TabBarController.swift in Sources */ = {isa = PBXBuildFile; fileRef = CA9A10652A0033FD00A8E78E /* TabBarController.swift */; };
		CABB86AC2A34C2A600E398FF /* ScheduleViewController.swift in Sources */ = {isa = PBXBuildFile; fileRef = CABB86AB2A34C2A600E398FF /* ScheduleViewController.swift */; };
		CAC390142A6266C500F56765 /* TrackerHeaderForCollectionView.swift in Sources */ = {isa = PBXBuildFile; fileRef = CAC390132A6266C500F56765 /* TrackerHeaderForCollectionView.swift */; };
		CAF836272A8289D600A77970 /* Model.xcdatamodeld in Sources */ = {isa = PBXBuildFile; fileRef = CAF836252A8289D600A77970 /* Model.xcdatamodeld */; };
/* End PBXBuildFile section */

/* Begin PBXFileReference section */
		CA12D4D72A2239CE009844B4 /* TrackerCollectionViewCell.swift */ = {isa = PBXFileReference; lastKnownFileType = sourcecode.swift; path = TrackerCollectionViewCell.swift; sourceTree = "<group>"; };
		CA1427DE2A0144EB00843B2D /* TypeNewTrackerViewController.swift */ = {isa = PBXFileReference; lastKnownFileType = sourcecode.swift; path = TypeNewTrackerViewController.swift; sourceTree = "<group>"; };
		CA1427E02A036FF800843B2D /* NewTrackerViewController.swift */ = {isa = PBXFileReference; lastKnownFileType = sourcecode.swift; path = NewTrackerViewController.swift; sourceTree = "<group>"; };
		CA1427E72A0A1D9100843B2D /* UIColor+Extensions.swift */ = {isa = PBXFileReference; lastKnownFileType = sourcecode.swift; path = "UIColor+Extensions.swift"; sourceTree = "<group>"; };
		CA1427EC2A0CAE5500843B2D /* Tracker.app */ = {isa = PBXFileReference; explicitFileType = wrapper.application; includeInIndex = 0; path = Tracker.app; sourceTree = BUILT_PRODUCTS_DIR; };
		CA26E1302A19016300775932 /* EmojiAndColorsCollectionCell.swift */ = {isa = PBXFileReference; lastKnownFileType = sourcecode.swift; path = EmojiAndColorsCollectionCell.swift; sourceTree = "<group>"; };
		CA26E1392A1C96C400775932 /* Tracker.swift */ = {isa = PBXFileReference; lastKnownFileType = sourcecode.swift; path = Tracker.swift; sourceTree = "<group>"; };
		CA26E13B2A1C989600775932 /* Weekdays.swift */ = {isa = PBXFileReference; lastKnownFileType = sourcecode.swift; path = Weekdays.swift; sourceTree = "<group>"; };
		CA26E13D2A1C999100775932 /* TrackerCategory.swift */ = {isa = PBXFileReference; lastKnownFileType = sourcecode.swift; path = TrackerCategory.swift; sourceTree = "<group>"; };
		CA26E13F2A1C9A1E00775932 /* TrackerRecord.swift */ = {isa = PBXFileReference; lastKnownFileType = sourcecode.swift; path = TrackerRecord.swift; sourceTree = "<group>"; };
		CA26E1432A1CDB0400775932 /* TrackerType.swift */ = {isa = PBXFileReference; lastKnownFileType = sourcecode.swift; path = TrackerType.swift; sourceTree = "<group>"; };
		CA2BC49029F6ABF90001749B /* AppDelegate.swift */ = {isa = PBXFileReference; lastKnownFileType = sourcecode.swift; path = AppDelegate.swift; sourceTree = "<group>"; };
		CA2BC49229F6ABF90001749B /* SceneDelegate.swift */ = {isa = PBXFileReference; lastKnownFileType = sourcecode.swift; path = SceneDelegate.swift; sourceTree = "<group>"; };
		CA2BC49429F6ABF90001749B /* TrackersViewController.swift */ = {isa = PBXFileReference; lastKnownFileType = sourcecode.swift; path = TrackersViewController.swift; sourceTree = "<group>"; wrapsLines = 0; };
		CA2BC49929F6ABFB0001749B /* Assets.xcassets */ = {isa = PBXFileReference; lastKnownFileType = folder.assetcatalog; path = Assets.xcassets; sourceTree = "<group>"; };
		CA2BC49C29F6ABFB0001749B /* Base */ = {isa = PBXFileReference; lastKnownFileType = file.storyboard; name = Base; path = Base.lproj/LaunchScreen.storyboard; sourceTree = "<group>"; };
		CA2BC49E29F6ABFB0001749B /* Info.plist */ = {isa = PBXFileReference; lastKnownFileType = text.plist.xml; path = Info.plist; sourceTree = "<group>"; };
		CA636AC52A82730D00F8CD4A /* GeometricParms.swift */ = {isa = PBXFileReference; lastKnownFileType = sourcecode.swift; path = GeometricParms.swift; sourceTree = "<group>"; };
		CA76900A2A5EB32A00C27D69 /* Date+Extenson.swift */ = {isa = PBXFileReference; lastKnownFileType = sourcecode.swift; path = "Date+Extenson.swift"; sourceTree = "<group>"; };
		CA77D3A52A7D7195001BAFE6 /* TackerStore.swift */ = {isa = PBXFileReference; lastKnownFileType = sourcecode.swift; path = TackerStore.swift; sourceTree = "<group>"; };
		CA77D3A72A7D71B2001BAFE6 /* TrackerCategoryStore.swift */ = {isa = PBXFileReference; lastKnownFileType = sourcecode.swift; path = TrackerCategoryStore.swift; sourceTree = "<group>"; };
		CA77D3A92A7D7221001BAFE6 /* TrackerRecordStore.swift */ = {isa = PBXFileReference; lastKnownFileType = sourcecode.swift; path = TrackerRecordStore.swift; sourceTree = "<group>"; };
		CA77D3B22A7E181B001BAFE6 /* StoreUpdate.swift */ = {isa = PBXFileReference; lastKnownFileType = sourcecode.swift; path = StoreUpdate.swift; sourceTree = "<group>"; };
		CA77D3B42A7E21BE001BAFE6 /* StoreError.swift */ = {isa = PBXFileReference; lastKnownFileType = sourcecode.swift; path = StoreError.swift; sourceTree = "<group>"; };
		CA77D3BC2A7EA1F8001BAFE6 /* EmojiAndColorCollection.swift */ = {isa = PBXFileReference; lastKnownFileType = sourcecode.swift; path = EmojiAndColorCollection.swift; sourceTree = "<group>"; };
		CA81540B2A82058300304367 /* DateHalper.swift */ = {isa = PBXFileReference; lastKnownFileType = sourcecode.swift; path = DateHalper.swift; sourceTree = "<group>"; };
		CA81540D2A82066D00304367 /* WeekDaysMarshalling.swift */ = {isa = PBXFileReference; lastKnownFileType = sourcecode.swift; path = WeekDaysMarshalling.swift; sourceTree = "<group>"; };
		CA8154132A82090C00304367 /* SupplementaryHeaderView.swift */ = {isa = PBXFileReference; lastKnownFileType = sourcecode.swift; path = SupplementaryHeaderView.swift; sourceTree = "<group>"; };
		CA9A106329FE7CE100A8E78E /* StatisticViewController.swift */ = {isa = PBXFileReference; lastKnownFileType = sourcecode.swift; path = StatisticViewController.swift; sourceTree = "<group>"; };
		CA9A10652A0033FD00A8E78E /* TabBarController.swift */ = {isa = PBXFileReference; lastKnownFileType = sourcecode.swift; path = TabBarController.swift; sourceTree = "<group>"; };
		CABB86AB2A34C2A600E398FF /* ScheduleViewController.swift */ = {isa = PBXFileReference; lastKnownFileType = sourcecode.swift; path = ScheduleViewController.swift; sourceTree = "<group>"; };
		CAC390132A6266C500F56765 /* TrackerHeaderForCollectionView.swift */ = {isa = PBXFileReference; lastKnownFileType = sourcecode.swift; path = TrackerHeaderForCollectionView.swift; sourceTree = "<group>"; };
		CAF836262A8289D600A77970 /* Model.xcdatamodel */ = {isa = PBXFileReference; lastKnownFileType = wrapper.xcdatamodel; path = Model.xcdatamodel; sourceTree = "<group>"; };
/* End PBXFileReference section */

/* Begin PBXFrameworksBuildPhase section */
		CA2BC48A29F6ABF90001749B /* Frameworks */ = {
			isa = PBXFrameworksBuildPhase;
			buildActionMask = 2147483647;
			files = (
				CA1427EF2A0CAF3300843B2D /* SnapKit in Frameworks */,
			);
			runOnlyForDeploymentPostprocessing = 0;
		};
/* End PBXFrameworksBuildPhase section */

/* Begin PBXGroup section */
		CA1427E62A0A1D5200843B2D /* Helpers */ = {
			isa = PBXGroup;
			children = (
				CA1427E72A0A1D9100843B2D /* UIColor+Extensions.swift */,
				CA76900A2A5EB32A00C27D69 /* Date+Extenson.swift */,
				CA81540B2A82058300304367 /* DateHalper.swift */,
			);
			path = Helpers;
			sourceTree = "<group>";
		};
		CA26E1362A1C95C600775932 /* Controllers */ = {
			isa = PBXGroup;
			children = (
				CABB86A92A34B05F00E398FF /* Tracker */,
				CABB86AA2A34B0DB00E398FF /* TrackerCreation */,
				CA9A10652A0033FD00A8E78E /* TabBarController.swift */,
				CA9A106329FE7CE100A8E78E /* StatisticViewController.swift */,
				CABB86AB2A34C2A600E398FF /* ScheduleViewController.swift */,
			);
			path = Controllers;
			sourceTree = "<group>";
		};
		CA26E1382A1C966000775932 /* Models */ = {
			isa = PBXGroup;
			children = (
				CA26E1392A1C96C400775932 /* Tracker.swift */,
				CA26E13D2A1C999100775932 /* TrackerCategory.swift */,
				CA26E13B2A1C989600775932 /* Weekdays.swift */,
				CA26E13F2A1C9A1E00775932 /* TrackerRecord.swift */,
				CA26E1432A1CDB0400775932 /* TrackerType.swift */,
			);
			path = Models;
			sourceTree = "<group>";
		};
		CA2BC48429F6ABF90001749B = {
			isa = PBXGroup;
			children = (
				CA2BC48F29F6ABF90001749B /* Tracker */,
				CA1427EC2A0CAE5500843B2D /* Tracker.app */,
			);
			sourceTree = "<group>";
		};
		CA2BC48F29F6ABF90001749B /* Tracker */ = {
			isa = PBXGroup;
			children = (
				CAF836242A82898400A77970 /* CoreData */,
				CA2BC49029F6ABF90001749B /* AppDelegate.swift */,
				CA2BC49229F6ABF90001749B /* SceneDelegate.swift */,
				CA77D3A42A7D70F0001BAFE6 /* Domain */,
				CA26E1382A1C966000775932 /* Models */,
				CA26E1362A1C95C600775932 /* Controllers */,
				CA1427E62A0A1D5200843B2D /* Helpers */,
				CA77D3A32A7D6B83001BAFE6 /* SupportingFiles */,
				CA2BC49E29F6ABFB0001749B /* Info.plist */,
			);
			path = Tracker;
			sourceTree = "<group>";
		};
		CA77D3A32A7D6B83001BAFE6 /* SupportingFiles */ = {
			isa = PBXGroup;
			children = (
				CA2BC49929F6ABFB0001749B /* Assets.xcassets */,
				CA2BC49B29F6ABFB0001749B /* LaunchScreen.storyboard */,
			);
			path = SupportingFiles;
			sourceTree = "<group>";
		};
		CA77D3A42A7D70F0001BAFE6 /* Domain */ = {
			isa = PBXGroup;
			children = (
				CA77D3A52A7D7195001BAFE6 /* TackerStore.swift */,
				CA77D3A92A7D7221001BAFE6 /* TrackerRecordStore.swift */,
				CA77D3A72A7D71B2001BAFE6 /* TrackerCategoryStore.swift */,
				CA77D3B22A7E181B001BAFE6 /* StoreUpdate.swift */,
				CA77D3B42A7E21BE001BAFE6 /* StoreError.swift */,
				CA81540D2A82066D00304367 /* WeekDaysMarshalling.swift */,
			);
			path = Domain;
			sourceTree = "<group>";
		};
		CABB86A92A34B05F00E398FF /* Tracker */ = {
			isa = PBXGroup;
			children = (
				CA2BC49429F6ABF90001749B /* TrackersViewController.swift */,
				CA12D4D72A2239CE009844B4 /* TrackerCollectionViewCell.swift */,
				CAC390132A6266C500F56765 /* TrackerHeaderForCollectionView.swift */,
			);
			path = Tracker;
			sourceTree = "<group>";
		};
		CABB86AA2A34B0DB00E398FF /* TrackerCreation */ = {
			isa = PBXGroup;
			children = (
				CA1427E02A036FF800843B2D /* NewTrackerViewController.swift */,
				CA1427DE2A0144EB00843B2D /* TypeNewTrackerViewController.swift */,
				CA77D3BC2A7EA1F8001BAFE6 /* EmojiAndColorCollection.swift */,
				CA26E1302A19016300775932 /* EmojiAndColorsCollectionCell.swift */,
				CA8154132A82090C00304367 /* SupplementaryHeaderView.swift */,
				CA636AC52A82730D00F8CD4A /* GeometricParms.swift */,
			);
			path = TrackerCreation;
			sourceTree = "<group>";
		};
		CAF836242A82898400A77970 /* CoreData */ = {
			isa = PBXGroup;
			children = (
				CAF836252A8289D600A77970 /* Model.xcdatamodeld */,
			);
			path = CoreData;
			sourceTree = "<group>";
		};
/* End PBXGroup section */

/* Begin PBXNativeTarget section */
		CA2BC48C29F6ABF90001749B /* Tracker */ = {
			isa = PBXNativeTarget;
			buildConfigurationList = CA2BC4A129F6ABFB0001749B /* Build configuration list for PBXNativeTarget "Tracker" */;
			buildPhases = (
				CA2BC48929F6ABF90001749B /* Sources */,
				CA2BC48A29F6ABF90001749B /* Frameworks */,
				CA2BC48B29F6ABF90001749B /* Resources */,
			);
			buildRules = (
			);
			dependencies = (
			);
			name = Tracker;
			packageProductDependencies = (
				CA1427EE2A0CAF3300843B2D /* SnapKit */,
			);
			productName = Tracker;
			productReference = CA1427EC2A0CAE5500843B2D /* Tracker.app */;
			productType = "com.apple.product-type.application";
		};
/* End PBXNativeTarget section */

/* Begin PBXProject section */
		CA2BC48529F6ABF90001749B /* Project object */ = {
			isa = PBXProject;
			attributes = {
				BuildIndependentTargetsInParallel = 1;
				LastSwiftUpdateCheck = 1400;
				LastUpgradeCheck = 1400;
				TargetAttributes = {
					CA2BC48C29F6ABF90001749B = {
						CreatedOnToolsVersion = 14.0.1;
					};
				};
			};
			buildConfigurationList = CA2BC48829F6ABF90001749B /* Build configuration list for PBXProject "Tracker" */;
			compatibilityVersion = "Xcode 14.0";
			developmentRegion = en;
			hasScannedForEncodings = 0;
			knownRegions = (
				en,
				Base,
			);
			mainGroup = CA2BC48429F6ABF90001749B;
			packageReferences = (
				CA1427ED2A0CAF3300843B2D /* XCRemoteSwiftPackageReference "SnapKit" */,
			);
			productRefGroup = CA2BC48429F6ABF90001749B;
			projectDirPath = "";
			projectRoot = "";
			targets = (
				CA2BC48C29F6ABF90001749B /* Tracker */,
			);
		};
/* End PBXProject section */

/* Begin PBXResourcesBuildPhase section */
		CA2BC48B29F6ABF90001749B /* Resources */ = {
			isa = PBXResourcesBuildPhase;
			buildActionMask = 2147483647;
			files = (
				CA2BC49D29F6ABFB0001749B /* LaunchScreen.storyboard in Resources */,
				CA2BC49A29F6ABFB0001749B /* Assets.xcassets in Resources */,
			);
			runOnlyForDeploymentPostprocessing = 0;
		};
/* End PBXResourcesBuildPhase section */

/* Begin PBXSourcesBuildPhase section */
		CA2BC48929F6ABF90001749B /* Sources */ = {
			isa = PBXSourcesBuildPhase;
			buildActionMask = 2147483647;
			files = (
				CA2BC49529F6ABF90001749B /* TrackersViewController.swift in Sources */,
				CA2BC49129F6ABF90001749B /* AppDelegate.swift in Sources */,
				CA77D3B52A7E21BE001BAFE6 /* StoreError.swift in Sources */,
				CA1427E12A036FF800843B2D /* NewTrackerViewController.swift in Sources */,
				CA77D3B32A7E181B001BAFE6 /* StoreUpdate.swift in Sources */,
				CA9A106429FE7CE100A8E78E /* StatisticViewController.swift in Sources */,
				CA26E13C2A1C989600775932 /* Weekdays.swift in Sources */,
				CA9A10662A0033FD00A8E78E /* TabBarController.swift in Sources */,
				CA12D4D82A2239CE009844B4 /* TrackerCollectionViewCell.swift in Sources */,
				CA77D3A82A7D71B3001BAFE6 /* TrackerCategoryStore.swift in Sources */,
				CA77D3A62A7D7195001BAFE6 /* TackerStore.swift in Sources */,
				CA76900B2A5EB32A00C27D69 /* Date+Extenson.swift in Sources */,
				CA26E13A2A1C96C400775932 /* Tracker.swift in Sources */,
				CAC390142A6266C500F56765 /* TrackerHeaderForCollectionView.swift in Sources */,
				CA1427DF2A0144EB00843B2D /* TypeNewTrackerViewController.swift in Sources */,
				CABB86AC2A34C2A600E398FF /* ScheduleViewController.swift in Sources */,
				CA26E13E2A1C999100775932 /* TrackerCategory.swift in Sources */,
				CA26E1402A1C9A1E00775932 /* TrackerRecord.swift in Sources */,
				CA81540C2A82058300304367 /* DateHalper.swift in Sources */,
				CA26E1442A1CDB0400775932 /* TrackerType.swift in Sources */,
				CA8154142A82090C00304367 /* SupplementaryHeaderView.swift in Sources */,
				CA77D3AA2A7D7221001BAFE6 /* TrackerRecordStore.swift in Sources */,
				CA81540E2A82066D00304367 /* WeekDaysMarshalling.swift in Sources */,
				CA26E1312A19016300775932 /* EmojiAndColorsCollectionCell.swift in Sources */,
				CA2BC49329F6ABF90001749B /* SceneDelegate.swift in Sources */,
				CA1427E82A0A1D9100843B2D /* UIColor+Extensions.swift in Sources */,
				CA77D3BD2A7EA1F8001BAFE6 /* EmojiAndColorCollection.swift in Sources */,
				CA636AC62A82730D00F8CD4A /* GeometricParms.swift in Sources */,
				CAF836272A8289D600A77970 /* Model.xcdatamodeld in Sources */,
			);
			runOnlyForDeploymentPostprocessing = 0;
		};
/* End PBXSourcesBuildPhase section */

/* Begin PBXVariantGroup section */
		CA2BC49B29F6ABFB0001749B /* LaunchScreen.storyboard */ = {
			isa = PBXVariantGroup;
			children = (
				CA2BC49C29F6ABFB0001749B /* Base */,
			);
			name = LaunchScreen.storyboard;
			sourceTree = "<group>";
		};
/* End PBXVariantGroup section */

/* Begin XCBuildConfiguration section */
		CA2BC49F29F6ABFB0001749B /* Debug */ = {
			isa = XCBuildConfiguration;
			buildSettings = {
				ALWAYS_SEARCH_USER_PATHS = NO;
				CLANG_ANALYZER_NONNULL = YES;
				CLANG_ANALYZER_NUMBER_OBJECT_CONVERSION = YES_AGGRESSIVE;
				CLANG_CXX_LANGUAGE_STANDARD = "gnu++20";
				CLANG_ENABLE_MODULES = YES;
				CLANG_ENABLE_OBJC_ARC = YES;
				CLANG_ENABLE_OBJC_WEAK = YES;
				CLANG_WARN_BLOCK_CAPTURE_AUTORELEASING = YES;
				CLANG_WARN_BOOL_CONVERSION = YES;
				CLANG_WARN_COMMA = YES;
				CLANG_WARN_CONSTANT_CONVERSION = YES;
				CLANG_WARN_DEPRECATED_OBJC_IMPLEMENTATIONS = YES;
				CLANG_WARN_DIRECT_OBJC_ISA_USAGE = YES_ERROR;
				CLANG_WARN_DOCUMENTATION_COMMENTS = YES;
				CLANG_WARN_EMPTY_BODY = YES;
				CLANG_WARN_ENUM_CONVERSION = YES;
				CLANG_WARN_INFINITE_RECURSION = YES;
				CLANG_WARN_INT_CONVERSION = YES;
				CLANG_WARN_NON_LITERAL_NULL_CONVERSION = YES;
				CLANG_WARN_OBJC_IMPLICIT_RETAIN_SELF = YES;
				CLANG_WARN_OBJC_LITERAL_CONVERSION = YES;
				CLANG_WARN_OBJC_ROOT_CLASS = YES_ERROR;
				CLANG_WARN_QUOTED_INCLUDE_IN_FRAMEWORK_HEADER = YES;
				CLANG_WARN_RANGE_LOOP_ANALYSIS = YES;
				CLANG_WARN_STRICT_PROTOTYPES = YES;
				CLANG_WARN_SUSPICIOUS_MOVE = YES;
				CLANG_WARN_UNGUARDED_AVAILABILITY = YES_AGGRESSIVE;
				CLANG_WARN_UNREACHABLE_CODE = YES;
				CLANG_WARN__DUPLICATE_METHOD_MATCH = YES;
				COPY_PHASE_STRIP = NO;
				DEBUG_INFORMATION_FORMAT = dwarf;
				ENABLE_STRICT_OBJC_MSGSEND = YES;
				ENABLE_TESTABILITY = YES;
				GCC_C_LANGUAGE_STANDARD = gnu11;
				GCC_DYNAMIC_NO_PIC = NO;
				GCC_NO_COMMON_BLOCKS = YES;
				GCC_OPTIMIZATION_LEVEL = 0;
				GCC_PREPROCESSOR_DEFINITIONS = (
					"DEBUG=1",
					"$(inherited)",
				);
				GCC_WARN_64_TO_32_BIT_CONVERSION = YES;
				GCC_WARN_ABOUT_RETURN_TYPE = YES_ERROR;
				GCC_WARN_UNDECLARED_SELECTOR = YES;
				GCC_WARN_UNINITIALIZED_AUTOS = YES_AGGRESSIVE;
				GCC_WARN_UNUSED_FUNCTION = YES;
				GCC_WARN_UNUSED_VARIABLE = YES;
				IPHONEOS_DEPLOYMENT_TARGET = 16.0;
				MTL_ENABLE_DEBUG_INFO = INCLUDE_SOURCE;
				MTL_FAST_MATH = YES;
				ONLY_ACTIVE_ARCH = YES;
				SDKROOT = iphoneos;
				SWIFT_ACTIVE_COMPILATION_CONDITIONS = DEBUG;
				SWIFT_OPTIMIZATION_LEVEL = "-Onone";
			};
			name = Debug;
		};
		CA2BC4A029F6ABFB0001749B /* Release */ = {
			isa = XCBuildConfiguration;
			buildSettings = {
				ALWAYS_SEARCH_USER_PATHS = NO;
				CLANG_ANALYZER_NONNULL = YES;
				CLANG_ANALYZER_NUMBER_OBJECT_CONVERSION = YES_AGGRESSIVE;
				CLANG_CXX_LANGUAGE_STANDARD = "gnu++20";
				CLANG_ENABLE_MODULES = YES;
				CLANG_ENABLE_OBJC_ARC = YES;
				CLANG_ENABLE_OBJC_WEAK = YES;
				CLANG_WARN_BLOCK_CAPTURE_AUTORELEASING = YES;
				CLANG_WARN_BOOL_CONVERSION = YES;
				CLANG_WARN_COMMA = YES;
				CLANG_WARN_CONSTANT_CONVERSION = YES;
				CLANG_WARN_DEPRECATED_OBJC_IMPLEMENTATIONS = YES;
				CLANG_WARN_DIRECT_OBJC_ISA_USAGE = YES_ERROR;
				CLANG_WARN_DOCUMENTATION_COMMENTS = YES;
				CLANG_WARN_EMPTY_BODY = YES;
				CLANG_WARN_ENUM_CONVERSION = YES;
				CLANG_WARN_INFINITE_RECURSION = YES;
				CLANG_WARN_INT_CONVERSION = YES;
				CLANG_WARN_NON_LITERAL_NULL_CONVERSION = YES;
				CLANG_WARN_OBJC_IMPLICIT_RETAIN_SELF = YES;
				CLANG_WARN_OBJC_LITERAL_CONVERSION = YES;
				CLANG_WARN_OBJC_ROOT_CLASS = YES_ERROR;
				CLANG_WARN_QUOTED_INCLUDE_IN_FRAMEWORK_HEADER = YES;
				CLANG_WARN_RANGE_LOOP_ANALYSIS = YES;
				CLANG_WARN_STRICT_PROTOTYPES = YES;
				CLANG_WARN_SUSPICIOUS_MOVE = YES;
				CLANG_WARN_UNGUARDED_AVAILABILITY = YES_AGGRESSIVE;
				CLANG_WARN_UNREACHABLE_CODE = YES;
				CLANG_WARN__DUPLICATE_METHOD_MATCH = YES;
				COPY_PHASE_STRIP = NO;
				DEBUG_INFORMATION_FORMAT = "dwarf-with-dsym";
				ENABLE_NS_ASSERTIONS = NO;
				ENABLE_STRICT_OBJC_MSGSEND = YES;
				GCC_C_LANGUAGE_STANDARD = gnu11;
				GCC_NO_COMMON_BLOCKS = YES;
				GCC_WARN_64_TO_32_BIT_CONVERSION = YES;
				GCC_WARN_ABOUT_RETURN_TYPE = YES_ERROR;
				GCC_WARN_UNDECLARED_SELECTOR = YES;
				GCC_WARN_UNINITIALIZED_AUTOS = YES_AGGRESSIVE;
				GCC_WARN_UNUSED_FUNCTION = YES;
				GCC_WARN_UNUSED_VARIABLE = YES;
				IPHONEOS_DEPLOYMENT_TARGET = 16.0;
				MTL_ENABLE_DEBUG_INFO = NO;
				MTL_FAST_MATH = YES;
				SDKROOT = iphoneos;
				SWIFT_COMPILATION_MODE = wholemodule;
				SWIFT_OPTIMIZATION_LEVEL = "-O";
				VALIDATE_PRODUCT = YES;
			};
			name = Release;
		};
		CA2BC4A229F6ABFB0001749B /* Debug */ = {
			isa = XCBuildConfiguration;
			buildSettings = {
				ASSETCATALOG_COMPILER_APPICON_NAME = AppIcon;
				ASSETCATALOG_COMPILER_GLOBAL_ACCENT_COLOR_NAME = AccentColor;
				CODE_SIGN_STYLE = Automatic;
				CURRENT_PROJECT_VERSION = 1;
				DEVELOPMENT_TEAM = G84RW6GCS5;
				GENERATE_INFOPLIST_FILE = YES;
				INFOPLIST_FILE = Tracker/Info.plist;
				INFOPLIST_KEY_UIApplicationSupportsIndirectInputEvents = YES;
				INFOPLIST_KEY_UILaunchStoryboardName = LaunchScreen;
				INFOPLIST_KEY_UISupportedInterfaceOrientations_iPad = "UIInterfaceOrientationPortrait UIInterfaceOrientationPortraitUpsideDown UIInterfaceOrientationLandscapeLeft UIInterfaceOrientationLandscapeRight";
				INFOPLIST_KEY_UISupportedInterfaceOrientations_iPhone = "UIInterfaceOrientationPortrait UIInterfaceOrientationLandscapeLeft UIInterfaceOrientationLandscapeRight";
				IPHONEOS_DEPLOYMENT_TARGET = 13.4;
				LD_RUNPATH_SEARCH_PATHS = (
					"$(inherited)",
					"@executable_path/Frameworks",
				);
				MARKETING_VERSION = 1.0;
				PRODUCT_BUNDLE_IDENTIFIER = com.ArtHack.Tracker;
				PRODUCT_NAME = "$(TARGET_NAME)";
				SUPPORTED_PLATFORMS = "iphoneos iphonesimulator";
				SUPPORTS_MACCATALYST = NO;
				SUPPORTS_MAC_DESIGNED_FOR_IPHONE_IPAD = NO;
				SWIFT_EMIT_LOC_STRINGS = YES;
				SWIFT_VERSION = 5.0;
				TARGETED_DEVICE_FAMILY = 1;
			};
			name = Debug;
		};
		CA2BC4A329F6ABFB0001749B /* Release */ = {
			isa = XCBuildConfiguration;
			buildSettings = {
				ASSETCATALOG_COMPILER_APPICON_NAME = AppIcon;
				ASSETCATALOG_COMPILER_GLOBAL_ACCENT_COLOR_NAME = AccentColor;
				CODE_SIGN_STYLE = Automatic;
				CURRENT_PROJECT_VERSION = 1;
				DEVELOPMENT_TEAM = G84RW6GCS5;
				GENERATE_INFOPLIST_FILE = YES;
				INFOPLIST_FILE = Tracker/Info.plist;
				INFOPLIST_KEY_UIApplicationSupportsIndirectInputEvents = YES;
				INFOPLIST_KEY_UILaunchStoryboardName = LaunchScreen;
				INFOPLIST_KEY_UISupportedInterfaceOrientations_iPad = "UIInterfaceOrientationPortrait UIInterfaceOrientationPortraitUpsideDown UIInterfaceOrientationLandscapeLeft UIInterfaceOrientationLandscapeRight";
				INFOPLIST_KEY_UISupportedInterfaceOrientations_iPhone = "UIInterfaceOrientationPortrait UIInterfaceOrientationLandscapeLeft UIInterfaceOrientationLandscapeRight";
				IPHONEOS_DEPLOYMENT_TARGET = 13.4;
				LD_RUNPATH_SEARCH_PATHS = (
					"$(inherited)",
					"@executable_path/Frameworks",
				);
				MARKETING_VERSION = 1.0;
				PRODUCT_BUNDLE_IDENTIFIER = com.ArtHack.Tracker;
				PRODUCT_NAME = "$(TARGET_NAME)";
				SUPPORTED_PLATFORMS = "iphoneos iphonesimulator";
				SUPPORTS_MACCATALYST = NO;
				SUPPORTS_MAC_DESIGNED_FOR_IPHONE_IPAD = NO;
				SWIFT_EMIT_LOC_STRINGS = YES;
				SWIFT_VERSION = 5.0;
				TARGETED_DEVICE_FAMILY = 1;
			};
			name = Release;
		};
/* End XCBuildConfiguration section */

/* Begin XCConfigurationList section */
		CA2BC48829F6ABF90001749B /* Build configuration list for PBXProject "Tracker" */ = {
			isa = XCConfigurationList;
			buildConfigurations = (
				CA2BC49F29F6ABFB0001749B /* Debug */,
				CA2BC4A029F6ABFB0001749B /* Release */,
			);
			defaultConfigurationIsVisible = 0;
			defaultConfigurationName = Release;
		};
		CA2BC4A129F6ABFB0001749B /* Build configuration list for PBXNativeTarget "Tracker" */ = {
			isa = XCConfigurationList;
			buildConfigurations = (
				CA2BC4A229F6ABFB0001749B /* Debug */,
				CA2BC4A329F6ABFB0001749B /* Release */,
			);
			defaultConfigurationIsVisible = 0;
			defaultConfigurationName = Release;
		};
/* End XCConfigurationList section */

/* Begin XCRemoteSwiftPackageReference section */
		CA1427ED2A0CAF3300843B2D /* XCRemoteSwiftPackageReference "SnapKit" */ = {
			isa = XCRemoteSwiftPackageReference;
			repositoryURL = "https://github.com/SnapKit/SnapKit";
			requirement = {
				kind = upToNextMajorVersion;
				minimumVersion = 5.0.0;
			};
		};
/* End XCRemoteSwiftPackageReference section */

/* Begin XCSwiftPackageProductDependency section */
		CA1427EE2A0CAF3300843B2D /* SnapKit */ = {
			isa = XCSwiftPackageProductDependency;
			package = CA1427ED2A0CAF3300843B2D /* XCRemoteSwiftPackageReference "SnapKit" */;
			productName = SnapKit;
		};
/* End XCSwiftPackageProductDependency section */

/* Begin XCVersionGroup section */
		CAF836252A8289D600A77970 /* Model.xcdatamodeld */ = {
			isa = XCVersionGroup;
			children = (
				CAF836262A8289D600A77970 /* Model.xcdatamodel */,
			);
			currentVersion = CAF836262A8289D600A77970 /* Model.xcdatamodel */;
			path = Model.xcdatamodeld;
			sourceTree = "<group>";
			versionGroupType = wrapper.xcdatamodel;
		};
/* End XCVersionGroup section */
	};
	rootObject = CA2BC48529F6ABF90001749B /* Project object */;
}
